
Microsoft Visual Studio Solution File, Format Version 12.00
# Visual Studio 15
VisualStudioVersion = 15.0.27130.2024
MinimumVisualStudioVersion = 10.0.40219.1
Project("{9A19103F-16F7-4668-BE54-9A1E7A4F7556}") = "Knarr", "Knarr\Knarr.csproj", "{62FC0DFA-C173-4CB4-AD7E-7161765273F7}"
EndProject
Project("{FAE04EC0-301F-11D3-BF4B-00C04F79EFBC}") = "Knarr.IntegrationTest", "Knarr.IntegrationTest\Knarr.IntegrationTest.csproj", "{541B5EB7-7028-4F83-A160-6637621AEA61}"
EndProject
Global
	GlobalSection(SolutionConfigurationPlatforms) = preSolution
		Debug|Any CPU = Debug|Any CPU
		Release|Any CPU = Release|Any CPU
	EndGlobalSection
	GlobalSection(ProjectConfigurationPlatforms) = postSolution
		{62FC0DFA-C173-4CB4-AD7E-7161765273F7}.Debug|Any CPU.ActiveCfg = Debug|Any CPU
		{62FC0DFA-C173-4CB4-AD7E-7161765273F7}.Debug|Any CPU.Build.0 = Debug|Any CPU
		{62FC0DFA-C173-4CB4-AD7E-7161765273F7}.Release|Any CPU.ActiveCfg = Release|Any CPU
		{62FC0DFA-C173-4CB4-AD7E-7161765273F7}.Release|Any CPU.Build.0 = Release|Any CPU
		{541B5EB7-7028-4F83-A160-6637621AEA61}.Debug|Any CPU.ActiveCfg = Debug|Any CPU
		{541B5EB7-7028-4F83-A160-6637621AEA61}.Debug|Any CPU.Build.0 = Debug|Any CPU
		{541B5EB7-7028-4F83-A160-6637621AEA61}.Release|Any CPU.ActiveCfg = Release|Any CPU
		{541B5EB7-7028-4F83-A160-6637621AEA61}.Release|Any CPU.Build.0 = Release|Any CPU
	EndGlobalSection
	GlobalSection(SolutionProperties) = preSolution
		HideSolutionNode = FALSE
	EndGlobalSection
	GlobalSection(ExtensibilityGlobals) = postSolution
		SolutionGuid = {834F2AB4-8230-44D1-B180-A66DA0727F7F}
	EndGlobalSection
EndGlobal
